version = 1
requires-python = ">=3.11"

[[package]]
name = "marketplace"
version = "0.1.0"
source = { virtual = "." }
dependencies = [
    { name = "tinygrad" },
]

[package.metadata]
requires-dist = [{ name = "tinygrad", git = "https://github.com/tinygrad/tinygrad.git?rev=0ce0f5101028e8b5ca70eb8cf8241b7baf945e45" }]

[[package]]
name = "tinygrad"
version = "0.10.3"
source = { git = "https://github.com/tinygrad/tinygrad.git?rev=0ce0f5101028e8b5ca70eb8cf8241b7baf945e45#0ce0f5101028e8b5ca70eb8cf8241b7baf945e45" }
